
Microsoft Visual Studio Solution File, Format Version 12.00
# Visual Studio Version 17
VisualStudioVersion = 17.14.36811.4 d17.14
MinimumVisualStudioVersion = 10.0.40219.1
Project("{FAE04EC0-301F-11D3-BF4B-00C04F79EFBC}") = "WorkForceManagementService", "WorkForceManagementService.csproj", "{217AE505-C564-424D-A08A-3B93B501402E}"
EndProject
Global
	GlobalSection(SolutionConfigurationPlatforms) = preSolution
		Debug|Any CPU = Debug|Any CPU
		Release|Any CPU = Release|Any CPU
	EndGlobalSection
	GlobalSection(ProjectConfigurationPlatforms) = postSolution
		{217AE505-C564-424D-A08A-3B93B501402E}.Debug|Any CPU.ActiveCfg = Debug|Any CPU
		{217AE505-C564-424D-A08A-3B93B501402E}.Debug|Any CPU.Build.0 = Debug|Any CPU
		{217AE505-C564-424D-A08A-3B93B501402E}.Release|Any CPU.ActiveCfg = Release|Any CPU
		{217AE505-C564-424D-A08A-3B93B501402E}.Release|Any CPU.Build.0 = Release|Any CPU
	EndGlobalSection
	GlobalSection(SolutionProperties) = preSolution
		HideSolutionNode = FALSE
	EndGlobalSection
	GlobalSection(ExtensibilityGlobals) = postSolution
		SolutionGuid = {F6226B36-7E41-4DC1-A0BD-47DDB0017823}
	EndGlobalSection
EndGlobal
